
Microsoft Visual Studio Solution File, Format Version 12.00
# Visual Studio Version 16
VisualStudioVersion = 16.0.30114.105
MinimumVisualStudioVersion = 10.0.40219.1
Project("{FAE04EC0-301F-11D3-BF4B-00C04F79EFBC}") = "imagelister", "imagelister\imagelister.csproj", "{D50C6B3C-3AD7-4F00-A2FE-C8F76ECAC463}"
EndProject
Global
	GlobalSection(SolutionConfigurationPlatforms) = preSolution
		Debug|Any CPU = Debug|Any CPU
		Release|Any CPU = Release|Any CPU
	EndGlobalSection
	GlobalSection(ProjectConfigurationPlatforms) = postSolution
		{D50C6B3C-3AD7-4F00-A2FE-C8F76ECAC463}.Debug|Any CPU.ActiveCfg = Debug|Any CPU
		{D50C6B3C-3AD7-4F00-A2FE-C8F76ECAC463}.Debug|Any CPU.Build.0 = Debug|Any CPU
		{D50C6B3C-3AD7-4F00-A2FE-C8F76ECAC463}.Release|Any CPU.ActiveCfg = Release|Any CPU
		{D50C6B3C-3AD7-4F00-A2FE-C8F76ECAC463}.Release|Any CPU.Build.0 = Release|Any CPU
	EndGlobalSection
	GlobalSection(SolutionProperties) = preSolution
		HideSolutionNode = FALSE
	EndGlobalSection
	GlobalSection(ExtensibilityGlobals) = postSolution
		SolutionGuid = {56618382-D372-42C5-A240-09BDFC2D2436}
	EndGlobalSection
EndGlobal
